
Microsoft Visual Studio Solution File, Format Version 11.00
# Visual Studio 2010
Project("{2150E333-8FDC-42A3-9474-1A3956D46DE8}") = "Samples", "Samples", "{791CC081-A6A6-4CA0-B326-86668EDE3819}"
EndProject
Project("{8BC9CEB8-8B4A-11D0-8D11-00A0C91BC942}") = "Fubi", "Fubi\Fubi.vcxproj", "{7639237C-5275-436F-90EE-AA71D709CA3B}"
EndProject
Project("{FAE04EC0-301F-11D3-BF4B-00C04F79EFBC}") = "Fubi_CS_Wrapper", "Fubi_CS_Wrapper\Fubi_CS_Wrapper.csproj", "{E681F26D-1EAB-41C1-BCF9-10F199DD1805}"
	ProjectSection(ProjectDependencies) = postProject
		{7639237C-5275-436F-90EE-AA71D709CA3B} = {7639237C-5275-436F-90EE-AA71D709CA3B}
	EndProjectSection
EndProject
Project("{FAE04EC0-301F-11D3-BF4B-00C04F79EFBC}") = "WpfApplication3", "Samples\WpfApplication3\WpfApplication3.csproj", "{AF2818D2-08F7-4AE5-A077-E9043638E89A}"
EndProject
Project("{FAE04EC0-301F-11D3-BF4B-00C04F79EFBC}") = "IMI_Administration", "IMI_Administration\IMI_Administration.csproj", "{852DF5AA-0CCB-4776-8667-986A9E8BEF83}"
EndProject
Global
	GlobalSection(SolutionConfigurationPlatforms) = preSolution
		Debug|Mixed Platforms = Debug|Mixed Platforms
		Debug|x86 = Debug|x86
		Release|Mixed Platforms = Release|Mixed Platforms
		Release|x86 = Release|x86
	EndGlobalSection
	GlobalSection(ProjectConfigurationPlatforms) = postSolution
		{7639237C-5275-436F-90EE-AA71D709CA3B}.Debug|Mixed Platforms.ActiveCfg = Debug|Win32
		{7639237C-5275-436F-90EE-AA71D709CA3B}.Debug|Mixed Platforms.Build.0 = Debug|Win32
		{7639237C-5275-436F-90EE-AA71D709CA3B}.Debug|x86.ActiveCfg = Debug|Win32
		{7639237C-5275-436F-90EE-AA71D709CA3B}.Debug|x86.Build.0 = Debug|Win32
		{7639237C-5275-436F-90EE-AA71D709CA3B}.Release|Mixed Platforms.ActiveCfg = Release|Win32
		{7639237C-5275-436F-90EE-AA71D709CA3B}.Release|Mixed Platforms.Build.0 = Release|Win32
		{7639237C-5275-436F-90EE-AA71D709CA3B}.Release|x86.ActiveCfg = Release|Win32
		{7639237C-5275-436F-90EE-AA71D709CA3B}.Release|x86.Build.0 = Release|Win32
		{E681F26D-1EAB-41C1-BCF9-10F199DD1805}.Debug|Mixed Platforms.ActiveCfg = Debug|x86
		{E681F26D-1EAB-41C1-BCF9-10F199DD1805}.Debug|Mixed Platforms.Build.0 = Debug|x86
		{E681F26D-1EAB-41C1-BCF9-10F199DD1805}.Debug|x86.ActiveCfg = Debug|x86
		{E681F26D-1EAB-41C1-BCF9-10F199DD1805}.Debug|x86.Build.0 = Debug|x86
		{E681F26D-1EAB-41C1-BCF9-10F199DD1805}.Release|Mixed Platforms.ActiveCfg = Release|x86
		{E681F26D-1EAB-41C1-BCF9-10F199DD1805}.Release|Mixed Platforms.Build.0 = Release|x86
		{E681F26D-1EAB-41C1-BCF9-10F199DD1805}.Release|x86.ActiveCfg = Release|x86
		{E681F26D-1EAB-41C1-BCF9-10F199DD1805}.Release|x86.Build.0 = Release|x86
		{AF2818D2-08F7-4AE5-A077-E9043638E89A}.Debug|Mixed Platforms.ActiveCfg = Debug|x86
		{AF2818D2-08F7-4AE5-A077-E9043638E89A}.Debug|Mixed Platforms.Build.0 = Debug|x86
		{AF2818D2-08F7-4AE5-A077-E9043638E89A}.Debug|x86.ActiveCfg = Debug|x86
		{AF2818D2-08F7-4AE5-A077-E9043638E89A}.Debug|x86.Build.0 = Debug|x86
		{AF2818D2-08F7-4AE5-A077-E9043638E89A}.Release|Mixed Platforms.ActiveCfg = Release|x86
		{AF2818D2-08F7-4AE5-A077-E9043638E89A}.Release|Mixed Platforms.Build.0 = Release|x86
		{AF2818D2-08F7-4AE5-A077-E9043638E89A}.Release|x86.ActiveCfg = Release|x86
		{AF2818D2-08F7-4AE5-A077-E9043638E89A}.Release|x86.Build.0 = Release|x86
		{852DF5AA-0CCB-4776-8667-986A9E8BEF83}.Debug|Mixed Platforms.ActiveCfg = Debug|x86
		{852DF5AA-0CCB-4776-8667-986A9E8BEF83}.Debug|Mixed Platforms.Build.0 = Debug|x86
		{852DF5AA-0CCB-4776-8667-986A9E8BEF83}.Debug|x86.ActiveCfg = Debug|x86
		{852DF5AA-0CCB-4776-8667-986A9E8BEF83}.Debug|x86.Build.0 = Debug|x86
		{852DF5AA-0CCB-4776-8667-986A9E8BEF83}.Release|Mixed Platforms.ActiveCfg = Release|x86
		{852DF5AA-0CCB-4776-8667-986A9E8BEF83}.Release|Mixed Platforms.Build.0 = Release|x86
		{852DF5AA-0CCB-4776-8667-986A9E8BEF83}.Release|x86.ActiveCfg = Release|x86
		{852DF5AA-0CCB-4776-8667-986A9E8BEF83}.Release|x86.Build.0 = Release|x86
	EndGlobalSection
	GlobalSection(SolutionProperties) = preSolution
		HideSolutionNode = FALSE
	EndGlobalSection
	GlobalSection(NestedProjects) = preSolution
		{AF2818D2-08F7-4AE5-A077-E9043638E89A} = {791CC081-A6A6-4CA0-B326-86668EDE3819}
		{852DF5AA-0CCB-4776-8667-986A9E8BEF83} = {791CC081-A6A6-4CA0-B326-86668EDE3819}
	EndGlobalSection
EndGlobal
